// !$*UTF8*$!
{
	archiveVersion = 1;
	classes = {
	};
	objectVersion = 46;
	objects = {

/* Begin PBXBuildFile section */
		AD835E5C1BE95E3D00F40BD9 /* AppDelegate.swift in Sources */ = {isa = PBXBuildFile; fileRef = AD835E5B1BE95E3D00F40BD9 /* AppDelegate.swift */; };
		AD835E611BE95E3D00F40BD9 /* Main.storyboard in Resources */ = {isa = PBXBuildFile; fileRef = AD835E5F1BE95E3D00F40BD9 /* Main.storyboard */; };
		AD835E661BE95E3D00F40BD9 /* Assets.xcassets in Resources */ = {isa = PBXBuildFile; fileRef = AD835E651BE95E3D00F40BD9 /* Assets.xcassets */; };
		AD835E691BE95E3D00F40BD9 /* LaunchScreen.storyboard in Resources */ = {isa = PBXBuildFile; fileRef = AD835E671BE95E3D00F40BD9 /* LaunchScreen.storyboard */; };
		AD835E7D1BE9799A00F40BD9 /* MainViewController.swift in Sources */ = {isa = PBXBuildFile; fileRef = AD835E781BE9799A00F40BD9 /* MainViewController.swift */; };
		AD835E7E1BE9799A00F40BD9 /* MenuViewController.swift in Sources */ = {isa = PBXBuildFile; fileRef = AD835E791BE9799A00F40BD9 /* MenuViewController.swift */; };
		AD835E7F1BE9799A00F40BD9 /* Keugasto.xcdatamodeld in Sources */ = {isa = PBXBuildFile; fileRef = AD835E7B1BE9799A00F40BD9 /* Keugasto.xcdatamodeld */; };
		AD835E811BE979B700F40BD9 /* Expense.swift in Sources */ = {isa = PBXBuildFile; fileRef = AD835E801BE979B700F40BD9 /* Expense.swift */; };
		AD835E831BE97D0500F40BD9 /* ExpenseTableViewCell.swift in Sources */ = {isa = PBXBuildFile; fileRef = AD835E821BE97D0500F40BD9 /* ExpenseTableViewCell.swift */; };
		ADA8349B1BFBD40300CFF87D /* BalanceViewController.swift in Sources */ = {isa = PBXBuildFile; fileRef = ADA8349A1BFBD40300CFF87D /* BalanceViewController.swift */; };
		ADA8349D1BFBD43A00CFF87D /* AddCategoryViewController.swift in Sources */ = {isa = PBXBuildFile; fileRef = ADA8349C1BFBD43A00CFF87D /* AddCategoryViewController.swift */; };
		ADA8349F1BFBDAFF00CFF87D /* Category.swift in Sources */ = {isa = PBXBuildFile; fileRef = ADA8349E1BFBDAFF00CFF87D /* Category.swift */; };
		ADB112381C0E3DCE00596F23 /* CategoriesViewController.swift in Sources */ = {isa = PBXBuildFile; fileRef = ADB112371C0E3DCE00596F23 /* CategoriesViewController.swift */; };
		ADB1123A1C0E43D300596F23 /* CategoryTableViewCell.swift in Sources */ = {isa = PBXBuildFile; fileRef = ADB112391C0E43D300596F23 /* CategoryTableViewCell.swift */; };
		ADB1123C1C0E526100596F23 /* CategoryPickerViewController.swift in Sources */ = {isa = PBXBuildFile; fileRef = ADB1123B1C0E526100596F23 /* CategoryPickerViewController.swift */; };
		ADB1123E1C0E632A00596F23 /* DatePickerViewController.swift in Sources */ = {isa = PBXBuildFile; fileRef = ADB1123D1C0E632A00596F23 /* DatePickerViewController.swift */; };
		ADF102A81BF28C5D0033A43C /* AddExpenseViewController.swift in Sources */ = {isa = PBXBuildFile; fileRef = ADF102A71BF28C5D0033A43C /* AddExpenseViewController.swift */; };
		ADF102AA1BF29A0F0033A43C /* ExpensesViewController.swift in Sources */ = {isa = PBXBuildFile; fileRef = ADF102A91BF29A0F0033A43C /* ExpensesViewController.swift */; };
		ADF102AC1BF2A9070033A43C /* MenuEntryTableViewCell.swift in Sources */ = {isa = PBXBuildFile; fileRef = ADF102AB1BF2A9070033A43C /* MenuEntryTableViewCell.swift */; };
/* End PBXBuildFile section */

/* Begin PBXFileReference section */
		AD835E581BE95E3D00F40BD9 /* Keugasto.app */ = {isa = PBXFileReference; explicitFileType = wrapper.application; includeInIndex = 0; path = Keugasto.app; sourceTree = BUILT_PRODUCTS_DIR; };
		AD835E5B1BE95E3D00F40BD9 /* AppDelegate.swift */ = {isa = PBXFileReference; lastKnownFileType = sourcecode.swift; path = AppDelegate.swift; sourceTree = "<group>"; };
		AD835E601BE95E3D00F40BD9 /* Base */ = {isa = PBXFileReference; lastKnownFileType = file.storyboard; name = Base; path = Base.lproj/Main.storyboard; sourceTree = "<group>"; };
		AD835E651BE95E3D00F40BD9 /* Assets.xcassets */ = {isa = PBXFileReference; lastKnownFileType = folder.assetcatalog; path = Assets.xcassets; sourceTree = "<group>"; };
		AD835E681BE95E3D00F40BD9 /* Base */ = {isa = PBXFileReference; lastKnownFileType = file.storyboard; name = Base; path = Base.lproj/LaunchScreen.storyboard; sourceTree = "<group>"; };
		AD835E6A1BE95E3D00F40BD9 /* Info.plist */ = {isa = PBXFileReference; lastKnownFileType = text.plist.xml; path = Info.plist; sourceTree = "<group>"; };
		AD835E781BE9799A00F40BD9 /* MainViewController.swift */ = {isa = PBXFileReference; fileEncoding = 4; lastKnownFileType = sourcecode.swift; path = MainViewController.swift; sourceTree = "<group>"; };
		AD835E791BE9799A00F40BD9 /* MenuViewController.swift */ = {isa = PBXFileReference; fileEncoding = 4; lastKnownFileType = sourcecode.swift; path = MenuViewController.swift; sourceTree = "<group>"; };
		AD835E7C1BE9799A00F40BD9 /* Keugasto.xcdatamodel */ = {isa = PBXFileReference; lastKnownFileType = wrapper.xcdatamodel; path = Keugasto.xcdatamodel; sourceTree = "<group>"; };
		AD835E801BE979B700F40BD9 /* Expense.swift */ = {isa = PBXFileReference; fileEncoding = 4; lastKnownFileType = sourcecode.swift; path = Expense.swift; sourceTree = "<group>"; };
		AD835E821BE97D0500F40BD9 /* ExpenseTableViewCell.swift */ = {isa = PBXFileReference; fileEncoding = 4; lastKnownFileType = sourcecode.swift; path = ExpenseTableViewCell.swift; sourceTree = "<group>"; };
		ADA8349A1BFBD40300CFF87D /* BalanceViewController.swift */ = {isa = PBXFileReference; fileEncoding = 4; lastKnownFileType = sourcecode.swift; path = BalanceViewController.swift; sourceTree = "<group>"; };
		ADA8349C1BFBD43A00CFF87D /* AddCategoryViewController.swift */ = {isa = PBXFileReference; fileEncoding = 4; lastKnownFileType = sourcecode.swift; path = AddCategoryViewController.swift; sourceTree = "<group>"; };
		ADA8349E1BFBDAFF00CFF87D /* Category.swift */ = {isa = PBXFileReference; fileEncoding = 4; lastKnownFileType = sourcecode.swift; path = Category.swift; sourceTree = "<group>"; };
		ADB112371C0E3DCE00596F23 /* CategoriesViewController.swift */ = {isa = PBXFileReference; fileEncoding = 4; lastKnownFileType = sourcecode.swift; path = CategoriesViewController.swift; sourceTree = "<group>"; };
		ADB112391C0E43D300596F23 /* CategoryTableViewCell.swift */ = {isa = PBXFileReference; fileEncoding = 4; lastKnownFileType = sourcecode.swift; path = CategoryTableViewCell.swift; sourceTree = "<group>"; };
		ADB1123B1C0E526100596F23 /* CategoryPickerViewController.swift */ = {isa = PBXFileReference; fileEncoding = 4; lastKnownFileType = sourcecode.swift; path = CategoryPickerViewController.swift; sourceTree = "<group>"; };
		ADB1123D1C0E632A00596F23 /* DatePickerViewController.swift */ = {isa = PBXFileReference; fileEncoding = 4; lastKnownFileType = sourcecode.swift; path = DatePickerViewController.swift; sourceTree = "<group>"; };
		ADF102A71BF28C5D0033A43C /* AddExpenseViewController.swift */ = {isa = PBXFileReference; fileEncoding = 4; lastKnownFileType = sourcecode.swift; path = AddExpenseViewController.swift; sourceTree = "<group>"; };
		ADF102A91BF29A0F0033A43C /* ExpensesViewController.swift */ = {isa = PBXFileReference; fileEncoding = 4; lastKnownFileType = sourcecode.swift; path = ExpensesViewController.swift; sourceTree = "<group>"; };
		ADF102AB1BF2A9070033A43C /* MenuEntryTableViewCell.swift */ = {isa = PBXFileReference; fileEncoding = 4; lastKnownFileType = sourcecode.swift; path = MenuEntryTableViewCell.swift; sourceTree = "<group>"; };
/* End PBXFileReference section */

/* Begin PBXFrameworksBuildPhase section */
		AD835E551BE95E3D00F40BD9 /* Frameworks */ = {
			isa = PBXFrameworksBuildPhase;
			buildActionMask = 2147483647;
			files = (
			);
			runOnlyForDeploymentPostprocessing = 0;
		};
/* End PBXFrameworksBuildPhase section */

/* Begin PBXGroup section */
		AD835E4F1BE95E3D00F40BD9 = {
			isa = PBXGroup;
			children = (
				AD835E5A1BE95E3D00F40BD9 /* Keugasto */,
				AD835E591BE95E3D00F40BD9 /* Products */,
			);
			sourceTree = "<group>";
		};
		AD835E591BE95E3D00F40BD9 /* Products */ = {
			isa = PBXGroup;
			children = (
				AD835E581BE95E3D00F40BD9 /* Keugasto.app */,
			);
			name = Products;
			sourceTree = "<group>";
		};
		AD835E5A1BE95E3D00F40BD9 /* Keugasto */ = {
			isa = PBXGroup;
			children = (
				AD835E6A1BE95E3D00F40BD9 /* Info.plist */,
				AD835E5B1BE95E3D00F40BD9 /* AppDelegate.swift */,
				AD835E651BE95E3D00F40BD9 /* Assets.xcassets */,
				AD835E771BE9799A00F40BD9 /* Controllers */,
				AD835E7A1BE9799A00F40BD9 /* Models */,
				AD835E761BE9797000F40BD9 /* Views */,
			);
			path = Keugasto;
			sourceTree = "<group>";
		};
		AD835E761BE9797000F40BD9 /* Views */ = {
			isa = PBXGroup;
			children = (
				AD835E671BE95E3D00F40BD9 /* LaunchScreen.storyboard */,
				AD835E5F1BE95E3D00F40BD9 /* Main.storyboard */,
			);
			name = Views;
			sourceTree = "<group>";
		};
		AD835E771BE9799A00F40BD9 /* Controllers */ = {
			isa = PBXGroup;
			children = (
				ADA8349C1BFBD43A00CFF87D /* AddCategoryViewController.swift */,
				ADF102A71BF28C5D0033A43C /* AddExpenseViewController.swift */,
				ADA8349A1BFBD40300CFF87D /* BalanceViewController.swift */,
				ADB112371C0E3DCE00596F23 /* CategoriesViewController.swift */,
				ADB1123B1C0E526100596F23 /* CategoryPickerViewController.swift */,
				ADB112391C0E43D300596F23 /* CategoryTableViewCell.swift */,
				ADB1123D1C0E632A00596F23 /* DatePickerViewController.swift */,
				ADF102A91BF29A0F0033A43C /* ExpensesViewController.swift */,
				AD835E821BE97D0500F40BD9 /* ExpenseTableViewCell.swift */,
				AD835E781BE9799A00F40BD9 /* MainViewController.swift */,
				ADF102AB1BF2A9070033A43C /* MenuEntryTableViewCell.swift */,
				AD835E791BE9799A00F40BD9 /* MenuViewController.swift */,
			);
			path = Controllers;
			sourceTree = "<group>";
		};
		AD835E7A1BE9799A00F40BD9 /* Models */ = {
			isa = PBXGroup;
			children = (
				AD835E7B1BE9799A00F40BD9 /* Keugasto.xcdatamodeld */,
				AD835E801BE979B700F40BD9 /* Expense.swift */,
				ADA8349E1BFBDAFF00CFF87D /* Category.swift */,
			);
			path = Models;
			sourceTree = "<group>";
		};
/* End PBXGroup section */

/* Begin PBXNativeTarget section */
		AD835E571BE95E3D00F40BD9 /* Keugasto */ = {
			isa = PBXNativeTarget;
			buildConfigurationList = AD835E6D1BE95E3D00F40BD9 /* Build configuration list for PBXNativeTarget "Keugasto" */;
			buildPhases = (
				AD835E541BE95E3D00F40BD9 /* Sources */,
				AD835E551BE95E3D00F40BD9 /* Frameworks */,
				AD835E561BE95E3D00F40BD9 /* Resources */,
			);
			buildRules = (
			);
			dependencies = (
			);
			name = Keugasto;
			productName = Keugasto;
			productReference = AD835E581BE95E3D00F40BD9 /* Keugasto.app */;
			productType = "com.apple.product-type.application";
		};
/* End PBXNativeTarget section */

/* Begin PBXProject section */
		AD835E501BE95E3D00F40BD9 /* Project object */ = {
			isa = PBXProject;
			attributes = {
				LastSwiftUpdateCheck = 0710;
				LastUpgradeCheck = 0710;
				ORGANIZATIONNAME = "Upversion Lab";
				TargetAttributes = {
					AD835E571BE95E3D00F40BD9 = {
						CreatedOnToolsVersion = 7.1;
					};
				};
			};
			buildConfigurationList = AD835E531BE95E3D00F40BD9 /* Build configuration list for PBXProject "Keugasto" */;
			compatibilityVersion = "Xcode 3.2";
			developmentRegion = English;
			hasScannedForEncodings = 0;
			knownRegions = (
				en,
				Base,
			);
			mainGroup = AD835E4F1BE95E3D00F40BD9;
			productRefGroup = AD835E591BE95E3D00F40BD9 /* Products */;
			projectDirPath = "";
			projectRoot = "";
			targets = (
				AD835E571BE95E3D00F40BD9 /* Keugasto */,
			);
		};
/* End PBXProject section */

/* Begin PBXResourcesBuildPhase section */
		AD835E561BE95E3D00F40BD9 /* Resources */ = {
			isa = PBXResourcesBuildPhase;
			buildActionMask = 2147483647;
			files = (
				AD835E691BE95E3D00F40BD9 /* LaunchScreen.storyboard in Resources */,
				AD835E661BE95E3D00F40BD9 /* Assets.xcassets in Resources */,
				AD835E611BE95E3D00F40BD9 /* Main.storyboard in Resources */,
			);
			runOnlyForDeploymentPostprocessing = 0;
		};
/* End PBXResourcesBuildPhase section */

/* Begin PBXSourcesBuildPhase section */
		AD835E541BE95E3D00F40BD9 /* Sources */ = {
			isa = PBXSourcesBuildPhase;
			buildActionMask = 2147483647;
			files = (
				AD835E831BE97D0500F40BD9 /* ExpenseTableViewCell.swift in Sources */,
				ADF102AA1BF29A0F0033A43C /* ExpensesViewController.swift in Sources */,
				AD835E7F1BE9799A00F40BD9 /* Keugasto.xcdatamodeld in Sources */,
				ADB1123C1C0E526100596F23 /* CategoryPickerViewController.swift in Sources */,
				ADB1123E1C0E632A00596F23 /* DatePickerViewController.swift in Sources */,
				AD835E5C1BE95E3D00F40BD9 /* AppDelegate.swift in Sources */,
				AD835E7E1BE9799A00F40BD9 /* MenuViewController.swift in Sources */,
				ADF102AC1BF2A9070033A43C /* MenuEntryTableViewCell.swift in Sources */,
				AD835E7D1BE9799A00F40BD9 /* MainViewController.swift in Sources */,
				ADA8349B1BFBD40300CFF87D /* BalanceViewController.swift in Sources */,
				AD835E811BE979B700F40BD9 /* Expense.swift in Sources */,
				ADF102A81BF28C5D0033A43C /* AddExpenseViewController.swift in Sources */,
				ADA8349D1BFBD43A00CFF87D /* AddCategoryViewController.swift in Sources */,
				ADB1123A1C0E43D300596F23 /* CategoryTableViewCell.swift in Sources */,
				ADA8349F1BFBDAFF00CFF87D /* Category.swift in Sources */,
				ADB112381C0E3DCE00596F23 /* CategoriesViewController.swift in Sources */,
			);
			runOnlyForDeploymentPostprocessing = 0;
		};
/* End PBXSourcesBuildPhase section */

/* Begin PBXVariantGroup section */
		AD835E5F1BE95E3D00F40BD9 /* Main.storyboard */ = {
			isa = PBXVariantGroup;
			children = (
				AD835E601BE95E3D00F40BD9 /* Base */,
			);
			name = Main.storyboard;
			sourceTree = "<group>";
		};
		AD835E671BE95E3D00F40BD9 /* LaunchScreen.storyboard */ = {
			isa = PBXVariantGroup;
			children = (
				AD835E681BE95E3D00F40BD9 /* Base */,
			);
			name = LaunchScreen.storyboard;
			sourceTree = "<group>";
		};
/* End PBXVariantGroup section */

/* Begin XCBuildConfiguration section */
		AD835E6B1BE95E3D00F40BD9 /* Debug */ = {
			isa = XCBuildConfiguration;
			buildSettings = {
				ALWAYS_SEARCH_USER_PATHS = NO;
				CLANG_CXX_LANGUAGE_STANDARD = "gnu++0x";
				CLANG_CXX_LIBRARY = "libc++";
				CLANG_ENABLE_MODULES = YES;
				CLANG_ENABLE_OBJC_ARC = YES;
				CLANG_WARN_BOOL_CONVERSION = YES;
				CLANG_WARN_CONSTANT_CONVERSION = YES;
				CLANG_WARN_DIRECT_OBJC_ISA_USAGE = YES_ERROR;
				CLANG_WARN_EMPTY_BODY = YES;
				CLANG_WARN_ENUM_CONVERSION = YES;
				CLANG_WARN_INT_CONVERSION = YES;
				CLANG_WARN_OBJC_ROOT_CLASS = YES_ERROR;
				CLANG_WARN_UNREACHABLE_CODE = YES;
				CLANG_WARN__DUPLICATE_METHOD_MATCH = YES;
				"CODE_SIGN_IDENTITY[sdk=iphoneos*]" = "iPhone Developer";
				COPY_PHASE_STRIP = NO;
				DEBUG_INFORMATION_FORMAT = dwarf;
				ENABLE_STRICT_OBJC_MSGSEND = YES;
				ENABLE_TESTABILITY = YES;
				GCC_C_LANGUAGE_STANDARD = gnu99;
				GCC_DYNAMIC_NO_PIC = NO;
				GCC_NO_COMMON_BLOCKS = YES;
				GCC_OPTIMIZATION_LEVEL = 0;
				GCC_PREPROCESSOR_DEFINITIONS = (
					"DEBUG=1",
					"$(inherited)",
				);
				GCC_WARN_64_TO_32_BIT_CONVERSION = YES;
				GCC_WARN_ABOUT_RETURN_TYPE = YES_ERROR;
				GCC_WARN_UNDECLARED_SELECTOR = YES;
				GCC_WARN_UNINITIALIZED_AUTOS = YES_AGGRESSIVE;
				GCC_WARN_UNUSED_FUNCTION = YES;
				GCC_WARN_UNUSED_VARIABLE = YES;
				IPHONEOS_DEPLOYMENT_TARGET = 9.1;
				MTL_ENABLE_DEBUG_INFO = YES;
				ONLY_ACTIVE_ARCH = YES;
				SDKROOT = iphoneos;
				SWIFT_OPTIMIZATION_LEVEL = "-Onone";
				TARGETED_DEVICE_FAMILY = "1,2";
			};
			name = Debug;
		};
		AD835E6C1BE95E3D00F40BD9 /* Release */ = {
			isa = XCBuildConfiguration;
			buildSettings = {
				ALWAYS_SEARCH_USER_PATHS = NO;
				CLANG_CXX_LANGUAGE_STANDARD = "gnu++0x";
				CLANG_CXX_LIBRARY = "libc++";
				CLANG_ENABLE_MODULES = YES;
				CLANG_ENABLE_OBJC_ARC = YES;
				CLANG_WARN_BOOL_CONVERSION = YES;
				CLANG_WARN_CONSTANT_CONVERSION = YES;
				CLANG_WARN_DIRECT_OBJC_ISA_USAGE = YES_ERROR;
				CLANG_WARN_EMPTY_BODY = YES;
				CLANG_WARN_ENUM_CONVERSION = YES;
				CLANG_WARN_INT_CONVERSION = YES;
				CLANG_WARN_OBJC_ROOT_CLASS = YES_ERROR;
				CLANG_WARN_UNREACHABLE_CODE = YES;
				CLANG_WARN__DUPLICATE_METHOD_MATCH = YES;
				"CODE_SIGN_IDENTITY[sdk=iphoneos*]" = "iPhone Developer";
				COPY_PHASE_STRIP = NO;
				DEBUG_INFORMATION_FORMAT = "dwarf-with-dsym";
				ENABLE_NS_ASSERTIONS = NO;
				ENABLE_STRICT_OBJC_MSGSEND = YES;
				GCC_C_LANGUAGE_STANDARD = gnu99;
				GCC_NO_COMMON_BLOCKS = YES;
				GCC_WARN_64_TO_32_BIT_CONVERSION = YES;
				GCC_WARN_ABOUT_RETURN_TYPE = YES_ERROR;
				GCC_WARN_UNDECLARED_SELECTOR = YES;
				GCC_WARN_UNINITIALIZED_AUTOS = YES_AGGRESSIVE;
				GCC_WARN_UNUSED_FUNCTION = YES;
				GCC_WARN_UNUSED_VARIABLE = YES;
				IPHONEOS_DEPLOYMENT_TARGET = 9.1;
				MTL_ENABLE_DEBUG_INFO = NO;
				SDKROOT = iphoneos;
				TARGETED_DEVICE_FAMILY = "1,2";
				VALIDATE_PRODUCT = YES;
			};
			name = Release;
		};
		AD835E6E1BE95E3D00F40BD9 /* Debug */ = {
			isa = XCBuildConfiguration;
			buildSettings = {
				ASSETCATALOG_COMPILER_APPICON_NAME = AppIcon;
				INFOPLIST_FILE = Keugasto/Info.plist;
				LD_RUNPATH_SEARCH_PATHS = "$(inherited) @executable_path/Frameworks";
				PRODUCT_BUNDLE_IDENTIFIER = com.upversionlab.Keugasto;
				PRODUCT_NAME = "$(TARGET_NAME)";
			};
			name = Debug;
		};
		AD835E6F1BE95E3D00F40BD9 /* Release */ = {
			isa = XCBuildConfiguration;
			buildSettings = {
				ASSETCATALOG_COMPILER_APPICON_NAME = AppIcon;
				INFOPLIST_FILE = Keugasto/Info.plist;
				LD_RUNPATH_SEARCH_PATHS = "$(inherited) @executable_path/Frameworks";
				PRODUCT_BUNDLE_IDENTIFIER = com.upversionlab.Keugasto;
				PRODUCT_NAME = "$(TARGET_NAME)";
			};
			name = Release;
		};
/* End XCBuildConfiguration section */

/* Begin XCConfigurationList section */
		AD835E531BE95E3D00F40BD9 /* Build configuration list for PBXProject "Keugasto" */ = {
			isa = XCConfigurationList;
			buildConfigurations = (
				AD835E6B1BE95E3D00F40BD9 /* Debug */,
				AD835E6C1BE95E3D00F40BD9 /* Release */,
			);
			defaultConfigurationIsVisible = 0;
			defaultConfigurationName = Release;
		};
		AD835E6D1BE95E3D00F40BD9 /* Build configuration list for PBXNativeTarget "Keugasto" */ = {
			isa = XCConfigurationList;
			buildConfigurations = (
				AD835E6E1BE95E3D00F40BD9 /* Debug */,
				AD835E6F1BE95E3D00F40BD9 /* Release */,
			);
			defaultConfigurationIsVisible = 0;
			defaultConfigurationName = Release;
		};
/* End XCConfigurationList section */

/* Begin XCVersionGroup section */
		AD835E7B1BE9799A00F40BD9 /* Keugasto.xcdatamodeld */ = {
			isa = XCVersionGroup;
			children = (
				AD835E7C1BE9799A00F40BD9 /* Keugasto.xcdatamodel */,
			);
			currentVersion = AD835E7C1BE9799A00F40BD9 /* Keugasto.xcdatamodel */;
			path = Keugasto.xcdatamodeld;
			sourceTree = "<group>";
			versionGroupType = wrapper.xcdatamodel;
		};
/* End XCVersionGroup section */
	};
	rootObject = AD835E501BE95E3D00F40BD9 /* Project object */;
}
